// !$*UTF8*$!
{
	archiveVersion = 1;
	classes = {
	};
	objectVersion = 56;
	objects = {

/* Begin PBXBuildFile section */
		B22A1D4B28C094A50017451B /* BeontteugApp.swift in Sources */ = {isa = PBXBuildFile; fileRef = B22A1D4A28C094A50017451B /* BeontteugApp.swift */; };
		B22A1D4D28C094A50017451B /* ContentView.swift in Sources */ = {isa = PBXBuildFile; fileRef = B22A1D4C28C094A50017451B /* ContentView.swift */; };
		B22A1D4F28C094A60017451B /* Assets.xcassets in Resources */ = {isa = PBXBuildFile; fileRef = B22A1D4E28C094A60017451B /* Assets.xcassets */; };
		B22A1D5228C094A60017451B /* Preview Assets.xcassets in Resources */ = {isa = PBXBuildFile; fileRef = B22A1D5128C094A60017451B /* Preview Assets.xcassets */; };
		B22A1D5928C094E70017451B /* AppViewModel.swift in Sources */ = {isa = PBXBuildFile; fileRef = B22A1D5828C094E70017451B /* AppViewModel.swift */; };
		B22A1D5B28C0950B0017451B /* DataScanner.swift in Sources */ = {isa = PBXBuildFile; fileRef = B22A1D5A28C0950B0017451B /* DataScanner.swift */; };
		B22A1D5E28C099970017451B /* InfoPlist.strings in Resources */ = {isa = PBXBuildFile; fileRef = B22A1D6028C099970017451B /* InfoPlist.strings */; };
		B22A1D6328C0A1950017451B /* BMHANNA_11yrs_ttf.ttf in Resources */ = {isa = PBXBuildFile; fileRef = B22A1D6228C0A1950017451B /* BMHANNA_11yrs_ttf.ttf */; };
		B22A1D6A28C0A2C50017451B /* FontExtension.swift in Sources */ = {isa = PBXBuildFile; fileRef = B22A1D6928C0A2C50017451B /* FontExtension.swift */; };
		B22A1D6C28C0A4170017451B /* BMHANNAPro.ttf in Resources */ = {isa = PBXBuildFile; fileRef = B22A1D6B28C0A4170017451B /* BMHANNAPro.ttf */; };
		B22A1D6E28C0F0B60017451B /* SettingView.swift in Sources */ = {isa = PBXBuildFile; fileRef = B22A1D6D28C0F0B60017451B /* SettingView.swift */; };
		B22A1D7028C0F3D60017451B /* SelectFontView.swift in Sources */ = {isa = PBXBuildFile; fileRef = B22A1D6F28C0F3D60017451B /* SelectFontView.swift */; };
		B22A1D7228C132790017451B /* BMDOHYEON_otf.otf in Resources */ = {isa = PBXBuildFile; fileRef = B22A1D7128C132790017451B /* BMDOHYEON_otf.otf */; };
		B22A1D7428C1328C0017451B /* BMJUA_otf.otf in Resources */ = {isa = PBXBuildFile; fileRef = B22A1D7328C1328C0017451B /* BMJUA_otf.otf */; };
		B22A1D7628C132AA0017451B /* Pretendard-Medium.otf in Resources */ = {isa = PBXBuildFile; fileRef = B22A1D7528C132AA0017451B /* Pretendard-Medium.otf */; };
		B22A1D7828C132C60017451B /* YdestreetL.otf in Resources */ = {isa = PBXBuildFile; fileRef = B22A1D7728C132C60017451B /* YdestreetL.otf */; };
		B22A1D7A28C132DE0017451B /* UTOIMAGE_유토이미지고딕_R_OTF.otf in Resources */ = {isa = PBXBuildFile; fileRef = B22A1D7928C132DE0017451B /* UTOIMAGE_유토이미지고딕_R_OTF.otf */; };
		B22A1D7C28C132F80017451B /* NotoSansCJKkr-Regular.otf in Resources */ = {isa = PBXBuildFile; fileRef = B22A1D7B28C132F80017451B /* NotoSansCJKkr-Regular.otf */; };
/* End PBXBuildFile section */

/* Begin PBXFileReference section */
		B22A1D4728C094A50017451B /* Beontteug.app */ = {isa = PBXFileReference; explicitFileType = wrapper.application; includeInIndex = 0; path = Beontteug.app; sourceTree = BUILT_PRODUCTS_DIR; };
		B22A1D4A28C094A50017451B /* BeontteugApp.swift */ = {isa = PBXFileReference; lastKnownFileType = sourcecode.swift; path = BeontteugApp.swift; sourceTree = "<group>"; };
		B22A1D4C28C094A50017451B /* ContentView.swift */ = {isa = PBXFileReference; lastKnownFileType = sourcecode.swift; path = ContentView.swift; sourceTree = "<group>"; };
		B22A1D4E28C094A60017451B /* Assets.xcassets */ = {isa = PBXFileReference; lastKnownFileType = folder.assetcatalog; path = Assets.xcassets; sourceTree = "<group>"; };
		B22A1D5128C094A60017451B /* Preview Assets.xcassets */ = {isa = PBXFileReference; lastKnownFileType = folder.assetcatalog; path = "Preview Assets.xcassets"; sourceTree = "<group>"; };
		B22A1D5828C094E70017451B /* AppViewModel.swift */ = {isa = PBXFileReference; lastKnownFileType = sourcecode.swift; path = AppViewModel.swift; sourceTree = "<group>"; };
		B22A1D5A28C0950B0017451B /* DataScanner.swift */ = {isa = PBXFileReference; lastKnownFileType = sourcecode.swift; path = DataScanner.swift; sourceTree = "<group>"; };
		B22A1D5F28C099970017451B /* en */ = {isa = PBXFileReference; lastKnownFileType = text.plist.strings; name = en; path = en.lproj/InfoPlist.strings; sourceTree = "<group>"; };
		B22A1D6128C099CF0017451B /* ko */ = {isa = PBXFileReference; lastKnownFileType = text.plist.strings; name = ko; path = ko.lproj/InfoPlist.strings; sourceTree = "<group>"; };
		B22A1D6228C0A1950017451B /* BMHANNA_11yrs_ttf.ttf */ = {isa = PBXFileReference; lastKnownFileType = file; path = BMHANNA_11yrs_ttf.ttf; sourceTree = "<group>"; };
		B22A1D6728C0A1D30017451B /* Info.plist */ = {isa = PBXFileReference; lastKnownFileType = text.plist; path = Info.plist; sourceTree = "<group>"; };
		B22A1D6928C0A2C50017451B /* FontExtension.swift */ = {isa = PBXFileReference; lastKnownFileType = sourcecode.swift; path = FontExtension.swift; sourceTree = "<group>"; };
		B22A1D6B28C0A4170017451B /* BMHANNAPro.ttf */ = {isa = PBXFileReference; lastKnownFileType = file; path = BMHANNAPro.ttf; sourceTree = "<group>"; };
		B22A1D6D28C0F0B60017451B /* SettingView.swift */ = {isa = PBXFileReference; lastKnownFileType = sourcecode.swift; path = SettingView.swift; sourceTree = "<group>"; };
		B22A1D6F28C0F3D60017451B /* SelectFontView.swift */ = {isa = PBXFileReference; lastKnownFileType = sourcecode.swift; path = SelectFontView.swift; sourceTree = "<group>"; };
		B22A1D7128C132790017451B /* BMDOHYEON_otf.otf */ = {isa = PBXFileReference; lastKnownFileType = file; path = BMDOHYEON_otf.otf; sourceTree = "<group>"; };
		B22A1D7328C1328C0017451B /* BMJUA_otf.otf */ = {isa = PBXFileReference; lastKnownFileType = file; path = BMJUA_otf.otf; sourceTree = "<group>"; };
		B22A1D7528C132AA0017451B /* Pretendard-Medium.otf */ = {isa = PBXFileReference; lastKnownFileType = file; path = "Pretendard-Medium.otf"; sourceTree = "<group>"; };
		B22A1D7728C132C60017451B /* YdestreetL.otf */ = {isa = PBXFileReference; lastKnownFileType = file; path = YdestreetL.otf; sourceTree = "<group>"; };
		B22A1D7928C132DE0017451B /* UTOIMAGE_유토이미지고딕_R_OTF.otf */ = {isa = PBXFileReference; lastKnownFileType = file; path = "UTOIMAGE_유토이미지고딕_R_OTF.otf"; sourceTree = "<group>"; };
		B22A1D7B28C132F80017451B /* NotoSansCJKkr-Regular.otf */ = {isa = PBXFileReference; fileEncoding = 4; lastKnownFileType = text; path = "NotoSansCJKkr-Regular.otf"; sourceTree = "<group>"; };
/* End PBXFileReference section */

/* Begin PBXFrameworksBuildPhase section */
		B22A1D4428C094A50017451B /* Frameworks */ = {
			isa = PBXFrameworksBuildPhase;
			buildActionMask = 2147483647;
			files = (
			);
			runOnlyForDeploymentPostprocessing = 0;
		};
/* End PBXFrameworksBuildPhase section */

/* Begin PBXGroup section */
		B22A1D3E28C094A50017451B = {
			isa = PBXGroup;
			children = (
				B22A1D4928C094A50017451B /* Beontteug */,
				B22A1D4828C094A50017451B /* Products */,
			);
			sourceTree = "<group>";
		};
		B22A1D4828C094A50017451B /* Products */ = {
			isa = PBXGroup;
			children = (
				B22A1D4728C094A50017451B /* Beontteug.app */,
			);
			name = Products;
			sourceTree = "<group>";
		};
		B22A1D4928C094A50017451B /* Beontteug */ = {
			isa = PBXGroup;
			children = (
				B22A1D6728C0A1D30017451B /* Info.plist */,
				B22A1D6428C0A1A60017451B /* Fonts */,
				B22A1D4A28C094A50017451B /* BeontteugApp.swift */,
				B22A1D5828C094E70017451B /* AppViewModel.swift */,
				B22A1D5A28C0950B0017451B /* DataScanner.swift */,
				B22A1D4C28C094A50017451B /* ContentView.swift */,
				B22A1D6D28C0F0B60017451B /* SettingView.swift */,
				B22A1D6F28C0F3D60017451B /* SelectFontView.swift */,
				B22A1D6828C0A2990017451B /* Extensions */,
				B22A1D6028C099970017451B /* InfoPlist.strings */,
				B22A1D4E28C094A60017451B /* Assets.xcassets */,
				B22A1D5028C094A60017451B /* Preview Content */,
			);
			path = Beontteug;
			sourceTree = "<group>";
		};
		B22A1D5028C094A60017451B /* Preview Content */ = {
			isa = PBXGroup;
			children = (
				B22A1D6228C0A1950017451B /* BMHANNA_11yrs_ttf.ttf */,
				B22A1D5128C094A60017451B /* Preview Assets.xcassets */,
			);
			path = "Preview Content";
			sourceTree = "<group>";
		};
		B22A1D6428C0A1A60017451B /* Fonts */ = {
			isa = PBXGroup;
			children = (
				B22A1D6B28C0A4170017451B /* BMHANNAPro.ttf */,
				B22A1D7128C132790017451B /* BMDOHYEON_otf.otf */,
				B22A1D7328C1328C0017451B /* BMJUA_otf.otf */,
				B22A1D7528C132AA0017451B /* Pretendard-Medium.otf */,
				B22A1D7728C132C60017451B /* YdestreetL.otf */,
				B22A1D7928C132DE0017451B /* UTOIMAGE_유토이미지고딕_R_OTF.otf */,
				B22A1D7B28C132F80017451B /* NotoSansCJKkr-Regular.otf */,
			);
			path = Fonts;
			sourceTree = "<group>";
		};
		B22A1D6828C0A2990017451B /* Extensions */ = {
			isa = PBXGroup;
			children = (
				B22A1D6928C0A2C50017451B /* FontExtension.swift */,
			);
			path = Extensions;
			sourceTree = "<group>";
		};
/* End PBXGroup section */

/* Begin PBXNativeTarget section */
		B22A1D4628C094A50017451B /* Beontteug */ = {
			isa = PBXNativeTarget;
			buildConfigurationList = B22A1D5528C094A60017451B /* Build configuration list for PBXNativeTarget "Beontteug" */;
			buildPhases = (
				B22A1D4328C094A50017451B /* Sources */,
				B22A1D4428C094A50017451B /* Frameworks */,
				B22A1D4528C094A50017451B /* Resources */,
			);
			buildRules = (
			);
			dependencies = (
			);
			name = Beontteug;
			productName = Beontteug;
			productReference = B22A1D4728C094A50017451B /* Beontteug.app */;
			productType = "com.apple.product-type.application";
		};
/* End PBXNativeTarget section */

/* Begin PBXProject section */
		B22A1D3F28C094A50017451B /* Project object */ = {
			isa = PBXProject;
			attributes = {
				BuildIndependentTargetsInParallel = 1;
				LastSwiftUpdateCheck = 1400;
				LastUpgradeCheck = 1400;
				TargetAttributes = {
					B22A1D4628C094A50017451B = {
						CreatedOnToolsVersion = 14.0;
					};
				};
			};
			buildConfigurationList = B22A1D4228C094A50017451B /* Build configuration list for PBXProject "Beontteug" */;
			compatibilityVersion = "Xcode 14.0";
			developmentRegion = en;
			hasScannedForEncodings = 0;
			knownRegions = (
				en,
				Base,
				ko,
			);
			mainGroup = B22A1D3E28C094A50017451B;
			productRefGroup = B22A1D4828C094A50017451B /* Products */;
			projectDirPath = "";
			projectRoot = "";
			targets = (
				B22A1D4628C094A50017451B /* Beontteug */,
			);
		};
/* End PBXProject section */

/* Begin PBXResourcesBuildPhase section */
		B22A1D4528C094A50017451B /* Resources */ = {
			isa = PBXResourcesBuildPhase;
			buildActionMask = 2147483647;
			files = (
				B22A1D5228C094A60017451B /* Preview Assets.xcassets in Resources */,
				B22A1D7A28C132DE0017451B /* UTOIMAGE_유토이미지고딕_R_OTF.otf in Resources */,
				B22A1D5E28C099970017451B /* InfoPlist.strings in Resources */,
				B22A1D6328C0A1950017451B /* BMHANNA_11yrs_ttf.ttf in Resources */,
				B22A1D7628C132AA0017451B /* Pretendard-Medium.otf in Resources */,
				B22A1D6C28C0A4170017451B /* BMHANNAPro.ttf in Resources */,
				B22A1D7428C1328C0017451B /* BMJUA_otf.otf in Resources */,
				B22A1D7828C132C60017451B /* YdestreetL.otf in Resources */,
				B22A1D4F28C094A60017451B /* Assets.xcassets in Resources */,
				B22A1D7228C132790017451B /* BMDOHYEON_otf.otf in Resources */,
				B22A1D7C28C132F80017451B /* NotoSansCJKkr-Regular.otf in Resources */,
			);
			runOnlyForDeploymentPostprocessing = 0;
		};
/* End PBXResourcesBuildPhase section */

/* Begin PBXSourcesBuildPhase section */
		B22A1D4328C094A50017451B /* Sources */ = {
			isa = PBXSourcesBuildPhase;
			buildActionMask = 2147483647;
			files = (
				B22A1D7028C0F3D60017451B /* SelectFontView.swift in Sources */,
				B22A1D6A28C0A2C50017451B /* FontExtension.swift in Sources */,
				B22A1D5B28C0950B0017451B /* DataScanner.swift in Sources */,
				B22A1D4D28C094A50017451B /* ContentView.swift in Sources */,
				B22A1D6E28C0F0B60017451B /* SettingView.swift in Sources */,
				B22A1D4B28C094A50017451B /* BeontteugApp.swift in Sources */,
				B22A1D5928C094E70017451B /* AppViewModel.swift in Sources */,
			);
			runOnlyForDeploymentPostprocessing = 0;
		};
/* End PBXSourcesBuildPhase section */

/* Begin PBXVariantGroup section */
		B22A1D6028C099970017451B /* InfoPlist.strings */ = {
			isa = PBXVariantGroup;
			children = (
				B22A1D5F28C099970017451B /* en */,
				B22A1D6128C099CF0017451B /* ko */,
			);
			name = InfoPlist.strings;
			sourceTree = "<group>";
		};
/* End PBXVariantGroup section */

/* Begin XCBuildConfiguration section */
		B22A1D5328C094A60017451B /* Debug */ = {
			isa = XCBuildConfiguration;
			buildSettings = {
				ALWAYS_SEARCH_USER_PATHS = NO;
				CLANG_ANALYZER_LOCALIZABILITY_NONLOCALIZED = YES;
				CLANG_ANALYZER_NONNULL = YES;
				CLANG_ANALYZER_NUMBER_OBJECT_CONVERSION = YES_AGGRESSIVE;
				CLANG_CXX_LANGUAGE_STANDARD = "gnu++20";
				CLANG_ENABLE_MODULES = YES;
				CLANG_ENABLE_OBJC_ARC = YES;
				CLANG_ENABLE_OBJC_WEAK = YES;
				CLANG_WARN_BLOCK_CAPTURE_AUTORELEASING = YES;
				CLANG_WARN_BOOL_CONVERSION = YES;
				CLANG_WARN_COMMA = YES;
				CLANG_WARN_CONSTANT_CONVERSION = YES;
				CLANG_WARN_DEPRECATED_OBJC_IMPLEMENTATIONS = YES;
				CLANG_WARN_DIRECT_OBJC_ISA_USAGE = YES_ERROR;
				CLANG_WARN_DOCUMENTATION_COMMENTS = YES;
				CLANG_WARN_EMPTY_BODY = YES;
				CLANG_WARN_ENUM_CONVERSION = YES;
				CLANG_WARN_INFINITE_RECURSION = YES;
				CLANG_WARN_INT_CONVERSION = YES;
				CLANG_WARN_NON_LITERAL_NULL_CONVERSION = YES;
				CLANG_WARN_OBJC_IMPLICIT_RETAIN_SELF = YES;
				CLANG_WARN_OBJC_LITERAL_CONVERSION = YES;
				CLANG_WARN_OBJC_ROOT_CLASS = YES_ERROR;
				CLANG_WARN_QUOTED_INCLUDE_IN_FRAMEWORK_HEADER = YES;
				CLANG_WARN_RANGE_LOOP_ANALYSIS = YES;
				CLANG_WARN_STRICT_PROTOTYPES = YES;
				CLANG_WARN_SUSPICIOUS_MOVE = YES;
				CLANG_WARN_UNGUARDED_AVAILABILITY = YES_AGGRESSIVE;
				CLANG_WARN_UNREACHABLE_CODE = YES;
				CLANG_WARN__DUPLICATE_METHOD_MATCH = YES;
				COPY_PHASE_STRIP = NO;
				DEBUG_INFORMATION_FORMAT = dwarf;
				ENABLE_STRICT_OBJC_MSGSEND = YES;
				ENABLE_TESTABILITY = YES;
				GCC_C_LANGUAGE_STANDARD = gnu11;
				GCC_DYNAMIC_NO_PIC = NO;
				GCC_NO_COMMON_BLOCKS = YES;
				GCC_OPTIMIZATION_LEVEL = 0;
				GCC_PREPROCESSOR_DEFINITIONS = (
					"DEBUG=1",
					"$(inherited)",
				);
				GCC_WARN_64_TO_32_BIT_CONVERSION = YES;
				GCC_WARN_ABOUT_RETURN_TYPE = YES_ERROR;
				GCC_WARN_UNDECLARED_SELECTOR = YES;
				GCC_WARN_UNINITIALIZED_AUTOS = YES_AGGRESSIVE;
				GCC_WARN_UNUSED_FUNCTION = YES;
				GCC_WARN_UNUSED_VARIABLE = YES;
				IPHONEOS_DEPLOYMENT_TARGET = 16.0;
				MTL_ENABLE_DEBUG_INFO = INCLUDE_SOURCE;
				MTL_FAST_MATH = YES;
				ONLY_ACTIVE_ARCH = YES;
				SDKROOT = iphoneos;
				SWIFT_ACTIVE_COMPILATION_CONDITIONS = DEBUG;
				SWIFT_OPTIMIZATION_LEVEL = "-Onone";
			};
			name = Debug;
		};
		B22A1D5428C094A60017451B /* Release */ = {
			isa = XCBuildConfiguration;
			buildSettings = {
				ALWAYS_SEARCH_USER_PATHS = NO;
				CLANG_ANALYZER_LOCALIZABILITY_NONLOCALIZED = YES;
				CLANG_ANALYZER_NONNULL = YES;
				CLANG_ANALYZER_NUMBER_OBJECT_CONVERSION = YES_AGGRESSIVE;
				CLANG_CXX_LANGUAGE_STANDARD = "gnu++20";
				CLANG_ENABLE_MODULES = YES;
				CLANG_ENABLE_OBJC_ARC = YES;
				CLANG_ENABLE_OBJC_WEAK = YES;
				CLANG_WARN_BLOCK_CAPTURE_AUTORELEASING = YES;
				CLANG_WARN_BOOL_CONVERSION = YES;
				CLANG_WARN_COMMA = YES;
				CLANG_WARN_CONSTANT_CONVERSION = YES;
				CLANG_WARN_DEPRECATED_OBJC_IMPLEMENTATIONS = YES;
				CLANG_WARN_DIRECT_OBJC_ISA_USAGE = YES_ERROR;
				CLANG_WARN_DOCUMENTATION_COMMENTS = YES;
				CLANG_WARN_EMPTY_BODY = YES;
				CLANG_WARN_ENUM_CONVERSION = YES;
				CLANG_WARN_INFINITE_RECURSION = YES;
				CLANG_WARN_INT_CONVERSION = YES;
				CLANG_WARN_NON_LITERAL_NULL_CONVERSION = YES;
				CLANG_WARN_OBJC_IMPLICIT_RETAIN_SELF = YES;
				CLANG_WARN_OBJC_LITERAL_CONVERSION = YES;
				CLANG_WARN_OBJC_ROOT_CLASS = YES_ERROR;
				CLANG_WARN_QUOTED_INCLUDE_IN_FRAMEWORK_HEADER = YES;
				CLANG_WARN_RANGE_LOOP_ANALYSIS = YES;
				CLANG_WARN_STRICT_PROTOTYPES = YES;
				CLANG_WARN_SUSPICIOUS_MOVE = YES;
				CLANG_WARN_UNGUARDED_AVAILABILITY = YES_AGGRESSIVE;
				CLANG_WARN_UNREACHABLE_CODE = YES;
				CLANG_WARN__DUPLICATE_METHOD_MATCH = YES;
				COPY_PHASE_STRIP = NO;
				DEBUG_INFORMATION_FORMAT = "dwarf-with-dsym";
				ENABLE_NS_ASSERTIONS = NO;
				ENABLE_STRICT_OBJC_MSGSEND = YES;
				GCC_C_LANGUAGE_STANDARD = gnu11;
				GCC_NO_COMMON_BLOCKS = YES;
				GCC_WARN_64_TO_32_BIT_CONVERSION = YES;
				GCC_WARN_ABOUT_RETURN_TYPE = YES_ERROR;
				GCC_WARN_UNDECLARED_SELECTOR = YES;
				GCC_WARN_UNINITIALIZED_AUTOS = YES_AGGRESSIVE;
				GCC_WARN_UNUSED_FUNCTION = YES;
				GCC_WARN_UNUSED_VARIABLE = YES;
				IPHONEOS_DEPLOYMENT_TARGET = 16.0;
				MTL_ENABLE_DEBUG_INFO = NO;
				MTL_FAST_MATH = YES;
				SDKROOT = iphoneos;
				SWIFT_COMPILATION_MODE = wholemodule;
				SWIFT_OPTIMIZATION_LEVEL = "-O";
				VALIDATE_PRODUCT = YES;
			};
			name = Release;
		};
		B22A1D5628C094A60017451B /* Debug */ = {
			isa = XCBuildConfiguration;
			buildSettings = {
				ASSETCATALOG_COMPILER_APPICON_NAME = AppIcon;
				ASSETCATALOG_COMPILER_GLOBAL_ACCENT_COLOR_NAME = AccentColor;
				CODE_SIGN_STYLE = Automatic;
				CURRENT_PROJECT_VERSION = 1;
				DEVELOPMENT_ASSET_PATHS = "\"Beontteug/Preview Content\"";
				DEVELOPMENT_TEAM = 8HXUXMV396;
				ENABLE_PREVIEWS = YES;
				GENERATE_INFOPLIST_FILE = YES;
				INFOPLIST_FILE = Beontteug/Info.plist;
				INFOPLIST_KEY_NSCameraUsageDescription = "";
				INFOPLIST_KEY_UIApplicationSceneManifest_Generation = YES;
				INFOPLIST_KEY_UIApplicationSupportsIndirectInputEvents = YES;
				INFOPLIST_KEY_UILaunchScreen_Generation = YES;
				INFOPLIST_KEY_UISupportedInterfaceOrientations_iPad = "UIInterfaceOrientationPortrait UIInterfaceOrientationPortraitUpsideDown UIInterfaceOrientationLandscapeLeft UIInterfaceOrientationLandscapeRight";
				INFOPLIST_KEY_UISupportedInterfaceOrientations_iPhone = "UIInterfaceOrientationPortrait UIInterfaceOrientationLandscapeLeft UIInterfaceOrientationLandscapeRight";
				LD_RUNPATH_SEARCH_PATHS = (
					"$(inherited)",
					"@executable_path/Frameworks",
				);
				MARKETING_VERSION = 1.0;
				PRODUCT_BUNDLE_IDENTIFIER = com.anna.Beontteug;
				PRODUCT_NAME = "$(TARGET_NAME)";
				SWIFT_EMIT_LOC_STRINGS = YES;
				SWIFT_VERSION = 5.0;
				TARGETED_DEVICE_FAMILY = "1,2";
			};
			name = Debug;
		};
		B22A1D5728C094A60017451B /* Release */ = {
			isa = XCBuildConfiguration;
			buildSettings = {
				ASSETCATALOG_COMPILER_APPICON_NAME = AppIcon;
				ASSETCATALOG_COMPILER_GLOBAL_ACCENT_COLOR_NAME = AccentColor;
				CODE_SIGN_STYLE = Automatic;
				CURRENT_PROJECT_VERSION = 1;
				DEVELOPMENT_ASSET_PATHS = "\"Beontteug/Preview Content\"";
				DEVELOPMENT_TEAM = 8HXUXMV396;
				ENABLE_PREVIEWS = YES;
				GENERATE_INFOPLIST_FILE = YES;
				INFOPLIST_FILE = Beontteug/Info.plist;
				INFOPLIST_KEY_NSCameraUsageDescription = "";
				INFOPLIST_KEY_UIApplicationSceneManifest_Generation = YES;
				INFOPLIST_KEY_UIApplicationSupportsIndirectInputEvents = YES;
				INFOPLIST_KEY_UILaunchScreen_Generation = YES;
				INFOPLIST_KEY_UISupportedInterfaceOrientations_iPad = "UIInterfaceOrientationPortrait UIInterfaceOrientationPortraitUpsideDown UIInterfaceOrientationLandscapeLeft UIInterfaceOrientationLandscapeRight";
				INFOPLIST_KEY_UISupportedInterfaceOrientations_iPhone = "UIInterfaceOrientationPortrait UIInterfaceOrientationLandscapeLeft UIInterfaceOrientationLandscapeRight";
				LD_RUNPATH_SEARCH_PATHS = (
					"$(inherited)",
					"@executable_path/Frameworks",
				);
				MARKETING_VERSION = 1.0;
				PRODUCT_BUNDLE_IDENTIFIER = com.anna.Beontteug;
				PRODUCT_NAME = "$(TARGET_NAME)";
				SWIFT_EMIT_LOC_STRINGS = YES;
				SWIFT_VERSION = 5.0;
				TARGETED_DEVICE_FAMILY = "1,2";
			};
			name = Release;
		};
/* End XCBuildConfiguration section */

/* Begin XCConfigurationList section */
		B22A1D4228C094A50017451B /* Build configuration list for PBXProject "Beontteug" */ = {
			isa = XCConfigurationList;
			buildConfigurations = (
				B22A1D5328C094A60017451B /* Debug */,
				B22A1D5428C094A60017451B /* Release */,
			);
			defaultConfigurationIsVisible = 0;
			defaultConfigurationName = Release;
		};
		B22A1D5528C094A60017451B /* Build configuration list for PBXNativeTarget "Beontteug" */ = {
			isa = XCConfigurationList;
			buildConfigurations = (
				B22A1D5628C094A60017451B /* Debug */,
				B22A1D5728C094A60017451B /* Release */,
			);
			defaultConfigurationIsVisible = 0;
			defaultConfigurationName = Release;
		};
/* End XCConfigurationList section */
	};
	rootObject = B22A1D3F28C094A50017451B /* Project object */;
}
